
Microsoft Visual Studio Solution File, Format Version 12.00
# Visual Studio Version 16
VisualStudioVersion = 16.0.29306.81
MinimumVisualStudioVersion = 10.0.40219.1
Project("{FAE04EC0-301F-11D3-BF4B-00C04F79EFBC}") = "wfaProjectAlfaComp", "wfaProjectAlfaComp\wfaProjectAlfaComp.csproj", "{23E41680-5AE2-43A1-BA74-D0B3241DAADC}"
EndProject
Global
	GlobalSection(SolutionConfigurationPlatforms) = preSolution
		Debug|Any CPU = Debug|Any CPU
		Release|Any CPU = Release|Any CPU
	EndGlobalSection
	GlobalSection(ProjectConfigurationPlatforms) = postSolution
		{23E41680-5AE2-43A1-BA74-D0B3241DAADC}.Debug|Any CPU.ActiveCfg = Debug|Any CPU
		{23E41680-5AE2-43A1-BA74-D0B3241DAADC}.Debug|Any CPU.Build.0 = Debug|Any CPU
		{23E41680-5AE2-43A1-BA74-D0B3241DAADC}.Release|Any CPU.ActiveCfg = Release|Any CPU
		{23E41680-5AE2-43A1-BA74-D0B3241DAADC}.Release|Any CPU.Build.0 = Release|Any CPU
	EndGlobalSection
	GlobalSection(SolutionProperties) = preSolution
		HideSolutionNode = FALSE
	EndGlobalSection
	GlobalSection(ExtensibilityGlobals) = postSolution
		SolutionGuid = {8E5B1F84-C8B3-4916-8F19-D507B440EFFF}
	EndGlobalSection
EndGlobal
